
Microsoft Visual Studio Solution File, Format Version 12.00
# Visual Studio Version 17
VisualStudioVersion = 17.11.35222.181
MinimumVisualStudioVersion = 10.0.40219.1
Project("{FAE04EC0-301F-11D3-BF4B-00C04F79EFBC}") = "BadmintonAnzeigeSpieler", "BadmintonAnzeigeSpieler\BadmintonAnzeigeSpieler.csproj", "{A738458D-AB16-4713-A46F-3B40085EFC28}"
EndProject
Project("{FAE04EC0-301F-11D3-BF4B-00C04F79EFBC}") = "BadmintonAuswerung(Tunier Daten)", "BadmintonAuswerung(Tunier Daten)\BadmintonAuswerung(Tunier Daten).csproj", "{B08E8DBF-6E3D-4900-BCF8-253231AEF843}"
EndProject
Global
	GlobalSection(SolutionConfigurationPlatforms) = preSolution
		Debug|Any CPU = Debug|Any CPU
		Debug|ARM64 = Debug|ARM64
		Debug|x64 = Debug|x64
		Debug|x86 = Debug|x86
		Release|Any CPU = Release|Any CPU
		Release|ARM64 = Release|ARM64
		Release|x64 = Release|x64
		Release|x86 = Release|x86
	EndGlobalSection
	GlobalSection(ProjectConfigurationPlatforms) = postSolution
		{A738458D-AB16-4713-A46F-3B40085EFC28}.Debug|Any CPU.ActiveCfg = Debug|Any CPU
		{A738458D-AB16-4713-A46F-3B40085EFC28}.Debug|Any CPU.Build.0 = Debug|Any CPU
		{A738458D-AB16-4713-A46F-3B40085EFC28}.Debug|ARM64.ActiveCfg = Debug|Any CPU
		{A738458D-AB16-4713-A46F-3B40085EFC28}.Debug|ARM64.Build.0 = Debug|Any CPU
		{A738458D-AB16-4713-A46F-3B40085EFC28}.Debug|x64.ActiveCfg = Debug|Any CPU
		{A738458D-AB16-4713-A46F-3B40085EFC28}.Debug|x64.Build.0 = Debug|Any CPU
		{A738458D-AB16-4713-A46F-3B40085EFC28}.Debug|x86.ActiveCfg = Debug|Any CPU
		{A738458D-AB16-4713-A46F-3B40085EFC28}.Debug|x86.Build.0 = Debug|Any CPU
		{A738458D-AB16-4713-A46F-3B40085EFC28}.Release|Any CPU.ActiveCfg = Release|Any CPU
		{A738458D-AB16-4713-A46F-3B40085EFC28}.Release|Any CPU.Build.0 = Release|Any CPU
		{A738458D-AB16-4713-A46F-3B40085EFC28}.Release|ARM64.ActiveCfg = Release|Any CPU
		{A738458D-AB16-4713-A46F-3B40085EFC28}.Release|ARM64.Build.0 = Release|Any CPU
		{A738458D-AB16-4713-A46F-3B40085EFC28}.Release|x64.ActiveCfg = Release|Any CPU
		{A738458D-AB16-4713-A46F-3B40085EFC28}.Release|x64.Build.0 = Release|Any CPU
		{A738458D-AB16-4713-A46F-3B40085EFC28}.Release|x86.ActiveCfg = Release|Any CPU
		{A738458D-AB16-4713-A46F-3B40085EFC28}.Release|x86.Build.0 = Release|Any CPU
		{B08E8DBF-6E3D-4900-BCF8-253231AEF843}.Debug|Any CPU.ActiveCfg = Debug|Any CPU
		{B08E8DBF-6E3D-4900-BCF8-253231AEF843}.Debug|Any CPU.Build.0 = Debug|Any CPU
		{B08E8DBF-6E3D-4900-BCF8-253231AEF843}.Debug|ARM64.ActiveCfg = Debug|Any CPU
		{B08E8DBF-6E3D-4900-BCF8-253231AEF843}.Debug|ARM64.Build.0 = Debug|Any CPU
		{B08E8DBF-6E3D-4900-BCF8-253231AEF843}.Debug|x64.ActiveCfg = Debug|Any CPU
		{B08E8DBF-6E3D-4900-BCF8-253231AEF843}.Debug|x64.Build.0 = Debug|Any CPU
		{B08E8DBF-6E3D-4900-BCF8-253231AEF843}.Debug|x86.ActiveCfg = Debug|Any CPU
		{B08E8DBF-6E3D-4900-BCF8-253231AEF843}.Debug|x86.Build.0 = Debug|Any CPU
		{B08E8DBF-6E3D-4900-BCF8-253231AEF843}.Release|Any CPU.ActiveCfg = Release|Any CPU
		{B08E8DBF-6E3D-4900-BCF8-253231AEF843}.Release|Any CPU.Build.0 = Release|Any CPU
		{B08E8DBF-6E3D-4900-BCF8-253231AEF843}.Release|ARM64.ActiveCfg = Release|Any CPU
		{B08E8DBF-6E3D-4900-BCF8-253231AEF843}.Release|ARM64.Build.0 = Release|Any CPU
		{B08E8DBF-6E3D-4900-BCF8-253231AEF843}.Release|x64.ActiveCfg = Release|Any CPU
		{B08E8DBF-6E3D-4900-BCF8-253231AEF843}.Release|x64.Build.0 = Release|Any CPU
		{B08E8DBF-6E3D-4900-BCF8-253231AEF843}.Release|x86.ActiveCfg = Release|Any CPU
		{B08E8DBF-6E3D-4900-BCF8-253231AEF843}.Release|x86.Build.0 = Release|Any CPU
	EndGlobalSection
	GlobalSection(SolutionProperties) = preSolution
		HideSolutionNode = FALSE
	EndGlobalSection
	GlobalSection(ExtensibilityGlobals) = postSolution
		SolutionGuid = {ACC72F49-5FCF-4757-B71F-7C15FE0F8F06}
	EndGlobalSection
EndGlobal
